
Microsoft Visual Studio Solution File, Format Version 12.00
# Visual Studio 14
VisualStudioVersion = 14.0.23107.0
MinimumVisualStudioVersion = 10.0.40219.1
Project("{FAE04EC0-301F-11D3-BF4B-00C04F79EFBC}") = "OwinApiHost", "OwinApiHost\OwinApiHost.csproj", "{CA73573C-49CD-47DF-AA44-B944EA13BA32}"
EndProject
Project("{FAE04EC0-301F-11D3-BF4B-00C04F79EFBC}") = "WebApi", "WebApi\WebApi.csproj", "{766B7CA4-DF5A-4735-B689-12CAD0B07CE5}"
EndProject
Project("{FAE04EC0-301F-11D3-BF4B-00C04F79EFBC}") = "www", "www\www.csproj", "{BEC8F5AD-3157-473D-96E9-70505C1CC592}"
EndProject
Global
	GlobalSection(SolutionConfigurationPlatforms) = preSolution
		Debug|Any CPU = Debug|Any CPU
		Release|Any CPU = Release|Any CPU
	EndGlobalSection
	GlobalSection(ProjectConfigurationPlatforms) = postSolution
		{CA73573C-49CD-47DF-AA44-B944EA13BA32}.Debug|Any CPU.ActiveCfg = Debug|Any CPU
		{CA73573C-49CD-47DF-AA44-B944EA13BA32}.Debug|Any CPU.Build.0 = Debug|Any CPU
		{CA73573C-49CD-47DF-AA44-B944EA13BA32}.Release|Any CPU.ActiveCfg = Release|Any CPU
		{CA73573C-49CD-47DF-AA44-B944EA13BA32}.Release|Any CPU.Build.0 = Release|Any CPU
		{766B7CA4-DF5A-4735-B689-12CAD0B07CE5}.Debug|Any CPU.ActiveCfg = Debug|Any CPU
		{766B7CA4-DF5A-4735-B689-12CAD0B07CE5}.Debug|Any CPU.Build.0 = Debug|Any CPU
		{766B7CA4-DF5A-4735-B689-12CAD0B07CE5}.Release|Any CPU.ActiveCfg = Release|Any CPU
		{766B7CA4-DF5A-4735-B689-12CAD0B07CE5}.Release|Any CPU.Build.0 = Release|Any CPU
		{BEC8F5AD-3157-473D-96E9-70505C1CC592}.Debug|Any CPU.ActiveCfg = Debug|Any CPU
		{BEC8F5AD-3157-473D-96E9-70505C1CC592}.Debug|Any CPU.Build.0 = Debug|Any CPU
		{BEC8F5AD-3157-473D-96E9-70505C1CC592}.Release|Any CPU.ActiveCfg = Release|Any CPU
		{BEC8F5AD-3157-473D-96E9-70505C1CC592}.Release|Any CPU.Build.0 = Release|Any CPU
	EndGlobalSection
	GlobalSection(SolutionProperties) = preSolution
		HideSolutionNode = FALSE
	EndGlobalSection
EndGlobal
